
Microsoft Visual Studio Solution File, Format Version 12.00
# Visual Studio Version 17
VisualStudioVersion = 17.0.32014.148
MinimumVisualStudioVersion = 10.0.40219.1
Project("{FAE04EC0-301F-11D3-BF4B-00C04F79EFBC}") = "K07", "K07\K07.csproj", "{0D155FC5-8EDC-414A-8048-CED7452F72EA}"
EndProject
Global
	GlobalSection(SolutionConfigurationPlatforms) = preSolution
		Debug|Any CPU = Debug|Any CPU
		Release|Any CPU = Release|Any CPU
	EndGlobalSection
	GlobalSection(ProjectConfigurationPlatforms) = postSolution
		{0D155FC5-8EDC-414A-8048-CED7452F72EA}.Debug|Any CPU.ActiveCfg = Debug|Any CPU
		{0D155FC5-8EDC-414A-8048-CED7452F72EA}.Debug|Any CPU.Build.0 = Debug|Any CPU
		{0D155FC5-8EDC-414A-8048-CED7452F72EA}.Release|Any CPU.ActiveCfg = Release|Any CPU
		{0D155FC5-8EDC-414A-8048-CED7452F72EA}.Release|Any CPU.Build.0 = Release|Any CPU
	EndGlobalSection
	GlobalSection(SolutionProperties) = preSolution
		HideSolutionNode = FALSE
	EndGlobalSection
	GlobalSection(ExtensibilityGlobals) = postSolution
		SolutionGuid = {5DC7369C-6DA7-4DD9-A54D-C3EE4C21323C}
	EndGlobalSection
EndGlobal
