
Microsoft Visual Studio Solution File, Format Version 12.00
# Visual Studio Version 17
VisualStudioVersion = 17.0.32014.148
MinimumVisualStudioVersion = 10.0.40219.1
Project("{FAE04EC0-301F-11D3-BF4B-00C04F79EFBC}") = "K11", "K11\K11.csproj", "{B49E12C0-2E99-47BE-87E6-173C53153F45}"
EndProject
Global
	GlobalSection(SolutionConfigurationPlatforms) = preSolution
		Debug|Any CPU = Debug|Any CPU
		Release|Any CPU = Release|Any CPU
	EndGlobalSection
	GlobalSection(ProjectConfigurationPlatforms) = postSolution
		{B49E12C0-2E99-47BE-87E6-173C53153F45}.Debug|Any CPU.ActiveCfg = Debug|Any CPU
		{B49E12C0-2E99-47BE-87E6-173C53153F45}.Debug|Any CPU.Build.0 = Debug|Any CPU
		{B49E12C0-2E99-47BE-87E6-173C53153F45}.Release|Any CPU.ActiveCfg = Release|Any CPU
		{B49E12C0-2E99-47BE-87E6-173C53153F45}.Release|Any CPU.Build.0 = Release|Any CPU
	EndGlobalSection
	GlobalSection(SolutionProperties) = preSolution
		HideSolutionNode = FALSE
	EndGlobalSection
	GlobalSection(ExtensibilityGlobals) = postSolution
		SolutionGuid = {DA1946F9-005C-430A-8B7C-5E6336D1F5E2}
	EndGlobalSection
EndGlobal
